%{"connection": {:hex, :connection, "1.0.4"},
  "cowboy": {:hex, :cowboy, "1.0.4"},
  "cowlib": {:hex, :cowlib, "1.0.2"},
  "db_connection": {:hex, :db_connection, "1.0.0-rc.4"},
  "decimal": {:hex, :decimal, "1.1.2"},
  "ecto": {:hex, :ecto, "2.0.3"},
  "faker": {:hex, :faker, "0.6.0"},
  "gettext": {:hex, :gettext, "0.11.0"},
  "inflex": {:hex, :inflex, "1.7.0"},
  "ja_serializer": {:hex, :ja_serializer, "0.10.1"},
  "mime": {:hex, :mime, "1.0.0"},
  "phoenix": {:hex, :phoenix, "1.2.0"},
  "phoenix_ecto": {:hex, :phoenix_ecto, "3.0.0"},
  "phoenix_pubsub": {:hex, :phoenix_pubsub, "1.0.0"},
  "plug": {:hex, :plug, "1.2.0-rc.0"},
  "poison": {:hex, :poison, "2.2.0"},
  "poolboy": {:hex, :poolboy, "1.5.1"},
  "postgrex": {:hex, :postgrex, "0.11.2"},
  "ranch": {:hex, :ranch, "1.2.1"},
  "scrivener": {:hex, :scrivener, "2.0.0"},
  "scrivener_ecto": {:hex, :scrivener_ecto, "1.0.0"}}
